
Microsoft Visual Studio Solution File, Format Version 12.00
# Visual Studio Version 16
VisualStudioVersion = 16.0.30011.22
MinimumVisualStudioVersion = 10.0.40219.1
Project("{9A19103F-16F7-4668-BE54-9A1E7A4F7556}") = "MedicalStore.Services", "MedicalStore.Services\MedicalStore.Services.csproj", "{A6F6E4DE-0D6D-4D6C-81F8-F32CC5688103}"
EndProject
Project("{FAE04EC0-301F-11D3-BF4B-00C04F79EFBC}") = "MedicalStore.Data", "MedicalStore.Data\MedicalStore.Data.csproj", "{60B1D06F-F65F-460E-8E31-DBA6CDBA5CD8}"
EndProject
Project("{FAE04EC0-301F-11D3-BF4B-00C04F79EFBC}") = "MedicalStore.Repository", "MedicalStore.Repository\MedicalStore.Repository.csproj", "{F6AD5B2F-D2BA-49B9-8FE3-B346644E80F3}"
EndProject
Project("{FAE04EC0-301F-11D3-BF4B-00C04F79EFBC}") = "MedicalStore.UI", "MedicalStore.UI\MedicalStore.UI.csproj", "{3FA78020-E008-48FB-8D86-82AF4B7F5D8D}"
EndProject
Global
	GlobalSection(SolutionConfigurationPlatforms) = preSolution
		Debug|Any CPU = Debug|Any CPU
		Release|Any CPU = Release|Any CPU
	EndGlobalSection
	GlobalSection(ProjectConfigurationPlatforms) = postSolution
		{A6F6E4DE-0D6D-4D6C-81F8-F32CC5688103}.Debug|Any CPU.ActiveCfg = Debug|Any CPU
		{A6F6E4DE-0D6D-4D6C-81F8-F32CC5688103}.Debug|Any CPU.Build.0 = Debug|Any CPU
		{A6F6E4DE-0D6D-4D6C-81F8-F32CC5688103}.Release|Any CPU.ActiveCfg = Release|Any CPU
		{A6F6E4DE-0D6D-4D6C-81F8-F32CC5688103}.Release|Any CPU.Build.0 = Release|Any CPU
		{60B1D06F-F65F-460E-8E31-DBA6CDBA5CD8}.Debug|Any CPU.ActiveCfg = Debug|Any CPU
		{60B1D06F-F65F-460E-8E31-DBA6CDBA5CD8}.Debug|Any CPU.Build.0 = Debug|Any CPU
		{60B1D06F-F65F-460E-8E31-DBA6CDBA5CD8}.Release|Any CPU.ActiveCfg = Release|Any CPU
		{60B1D06F-F65F-460E-8E31-DBA6CDBA5CD8}.Release|Any CPU.Build.0 = Release|Any CPU
		{F6AD5B2F-D2BA-49B9-8FE3-B346644E80F3}.Debug|Any CPU.ActiveCfg = Debug|Any CPU
		{F6AD5B2F-D2BA-49B9-8FE3-B346644E80F3}.Debug|Any CPU.Build.0 = Debug|Any CPU
		{F6AD5B2F-D2BA-49B9-8FE3-B346644E80F3}.Release|Any CPU.ActiveCfg = Release|Any CPU
		{F6AD5B2F-D2BA-49B9-8FE3-B346644E80F3}.Release|Any CPU.Build.0 = Release|Any CPU
		{3FA78020-E008-48FB-8D86-82AF4B7F5D8D}.Debug|Any CPU.ActiveCfg = Debug|Any CPU
		{3FA78020-E008-48FB-8D86-82AF4B7F5D8D}.Debug|Any CPU.Build.0 = Debug|Any CPU
		{3FA78020-E008-48FB-8D86-82AF4B7F5D8D}.Release|Any CPU.ActiveCfg = Release|Any CPU
		{3FA78020-E008-48FB-8D86-82AF4B7F5D8D}.Release|Any CPU.Build.0 = Release|Any CPU
	EndGlobalSection
	GlobalSection(SolutionProperties) = preSolution
		HideSolutionNode = FALSE
	EndGlobalSection
	GlobalSection(ExtensibilityGlobals) = postSolution
		SolutionGuid = {6DFB108F-BEEF-44FA-900C-16698D71BCB9}
	EndGlobalSection
EndGlobal
